// !$*UTF8*$!
{
	archiveVersion = 1;
	classes = {
	};
	objectVersion = 46;
	objects = {

/* Begin PBXBuildFile section */
		690ED9441E8AA04300F774B2 /* 轮播.gif in Resources */ = {isa = PBXBuildFile; fileRef = 690ED9431E8AA04300F774B2 /* 轮播.gif */; };
		692087201E782BEB0040DDF8 /* main.m in Sources */ = {isa = PBXBuildFile; fileRef = 6920871F1E782BEB0040DDF8 /* main.m */; };
		692087231E782BEB0040DDF8 /* AppDelegate.m in Sources */ = {isa = PBXBuildFile; fileRef = 692087221E782BEB0040DDF8 /* AppDelegate.m */; };
		692087261E782BEB0040DDF8 /* ViewController.m in Sources */ = {isa = PBXBuildFile; fileRef = 692087251E782BEB0040DDF8 /* ViewController.m */; };
		692087291E782BEB0040DDF8 /* Main.storyboard in Resources */ = {isa = PBXBuildFile; fileRef = 692087271E782BEB0040DDF8 /* Main.storyboard */; };
		6920872B1E782BEB0040DDF8 /* Assets.xcassets in Resources */ = {isa = PBXBuildFile; fileRef = 6920872A1E782BEB0040DDF8 /* Assets.xcassets */; };
		6920872E1E782BEB0040DDF8 /* LaunchScreen.storyboard in Resources */ = {isa = PBXBuildFile; fileRef = 6920872C1E782BEB0040DDF8 /* LaunchScreen.storyboard */; };
		692087391E782DA80040DDF8 /* QTPageView.m in Sources */ = {isa = PBXBuildFile; fileRef = 692087381E782DA80040DDF8 /* QTPageView.m */; };
		692087481E7912620040DDF8 /* timg1.jpeg in Resources */ = {isa = PBXBuildFile; fileRef = 692087441E7912620040DDF8 /* timg1.jpeg */; };
		692087491E7912620040DDF8 /* timg2.jpeg in Resources */ = {isa = PBXBuildFile; fileRef = 692087451E7912620040DDF8 /* timg2.jpeg */; };
		6920874A1E7912620040DDF8 /* timg3.jpeg in Resources */ = {isa = PBXBuildFile; fileRef = 692087461E7912620040DDF8 /* timg3.jpeg */; };
		6920874B1E7912620040DDF8 /* timg4.jpeg in Resources */ = {isa = PBXBuildFile; fileRef = 692087471E7912620040DDF8 /* timg4.jpeg */; };
/* End PBXBuildFile section */

/* Begin PBXFileReference section */
		690ED9431E8AA04300F774B2 /* 轮播.gif */ = {isa = PBXFileReference; lastKnownFileType = image.gif; path = "轮播.gif"; sourceTree = "<group>"; };
		6920871B1E782BEB0040DDF8 /* QTPageViewDemo.app */ = {isa = PBXFileReference; explicitFileType = wrapper.application; includeInIndex = 0; path = QTPageViewDemo.app; sourceTree = BUILT_PRODUCTS_DIR; };
		6920871F1E782BEB0040DDF8 /* main.m */ = {isa = PBXFileReference; lastKnownFileType = sourcecode.c.objc; path = main.m; sourceTree = "<group>"; };
		692087211E782BEB0040DDF8 /* AppDelegate.h */ = {isa = PBXFileReference; lastKnownFileType = sourcecode.c.h; path = AppDelegate.h; sourceTree = "<group>"; };
		692087221E782BEB0040DDF8 /* AppDelegate.m */ = {isa = PBXFileReference; lastKnownFileType = sourcecode.c.objc; path = AppDelegate.m; sourceTree = "<group>"; };
		692087241E782BEB0040DDF8 /* ViewController.h */ = {isa = PBXFileReference; lastKnownFileType = sourcecode.c.h; path = ViewController.h; sourceTree = "<group>"; };
		692087251E782BEB0040DDF8 /* ViewController.m */ = {isa = PBXFileReference; lastKnownFileType = sourcecode.c.objc; path = ViewController.m; sourceTree = "<group>"; };
		692087281E782BEB0040DDF8 /* Base */ = {isa = PBXFileReference; lastKnownFileType = file.storyboard; name = Base; path = Base.lproj/Main.storyboard; sourceTree = "<group>"; };
		6920872A1E782BEB0040DDF8 /* Assets.xcassets */ = {isa = PBXFileReference; lastKnownFileType = folder.assetcatalog; path = Assets.xcassets; sourceTree = "<group>"; };
		6920872D1E782BEB0040DDF8 /* Base */ = {isa = PBXFileReference; lastKnownFileType = file.storyboard; name = Base; path = Base.lproj/LaunchScreen.storyboard; sourceTree = "<group>"; };
		6920872F1E782BEB0040DDF8 /* Info.plist */ = {isa = PBXFileReference; lastKnownFileType = text.plist.xml; path = Info.plist; sourceTree = "<group>"; };
		692087371E782DA80040DDF8 /* QTPageView.h */ = {isa = PBXFileReference; fileEncoding = 4; lastKnownFileType = sourcecode.c.h; path = QTPageView.h; sourceTree = "<group>"; };
		692087381E782DA80040DDF8 /* QTPageView.m */ = {isa = PBXFileReference; fileEncoding = 4; lastKnownFileType = sourcecode.c.objc; path = QTPageView.m; sourceTree = "<group>"; };
		692087441E7912620040DDF8 /* timg1.jpeg */ = {isa = PBXFileReference; lastKnownFileType = image.jpeg; path = timg1.jpeg; sourceTree = "<group>"; };
		692087451E7912620040DDF8 /* timg2.jpeg */ = {isa = PBXFileReference; lastKnownFileType = image.jpeg; path = timg2.jpeg; sourceTree = "<group>"; };
		692087461E7912620040DDF8 /* timg3.jpeg */ = {isa = PBXFileReference; lastKnownFileType = image.jpeg; path = timg3.jpeg; sourceTree = "<group>"; };
		692087471E7912620040DDF8 /* timg4.jpeg */ = {isa = PBXFileReference; lastKnownFileType = image.jpeg; path = timg4.jpeg; sourceTree = "<group>"; };
/* End PBXFileReference section */

/* Begin PBXFrameworksBuildPhase section */
		692087181E782BEB0040DDF8 /* Frameworks */ = {
			isa = PBXFrameworksBuildPhase;
			buildActionMask = 2147483647;
			files = (
			);
			runOnlyForDeploymentPostprocessing = 0;
		};
/* End PBXFrameworksBuildPhase section */

/* Begin PBXGroup section */
		690ED9421E8AA04300F774B2 /* ScreenShot */ = {
			isa = PBXGroup;
			children = (
				690ED9431E8AA04300F774B2 /* 轮播.gif */,
			);
			path = ScreenShot;
			sourceTree = "<group>";
		};
		692087121E782BEB0040DDF8 = {
			isa = PBXGroup;
			children = (
				6920871D1E782BEB0040DDF8 /* QTPageViewDemo */,
				6920871C1E782BEB0040DDF8 /* Products */,
			);
			sourceTree = "<group>";
		};
		6920871C1E782BEB0040DDF8 /* Products */ = {
			isa = PBXGroup;
			children = (
				6920871B1E782BEB0040DDF8 /* QTPageViewDemo.app */,
			);
			name = Products;
			sourceTree = "<group>";
		};
		6920871D1E782BEB0040DDF8 /* QTPageViewDemo */ = {
			isa = PBXGroup;
			children = (
				690ED9421E8AA04300F774B2 /* ScreenShot */,
				692087361E782CF60040DDF8 /* QTPageView */,
				692087431E7912620040DDF8 /* Source */,
				692087211E782BEB0040DDF8 /* AppDelegate.h */,
				692087221E782BEB0040DDF8 /* AppDelegate.m */,
				692087241E782BEB0040DDF8 /* ViewController.h */,
				692087251E782BEB0040DDF8 /* ViewController.m */,
				692087271E782BEB0040DDF8 /* Main.storyboard */,
				6920872A1E782BEB0040DDF8 /* Assets.xcassets */,
				6920872C1E782BEB0040DDF8 /* LaunchScreen.storyboard */,
				6920872F1E782BEB0040DDF8 /* Info.plist */,
				6920871E1E782BEB0040DDF8 /* Supporting Files */,
			);
			path = QTPageViewDemo;
			sourceTree = "<group>";
		};
		6920871E1E782BEB0040DDF8 /* Supporting Files */ = {
			isa = PBXGroup;
			children = (
				6920871F1E782BEB0040DDF8 /* main.m */,
			);
			name = "Supporting Files";
			sourceTree = "<group>";
		};
		692087361E782CF60040DDF8 /* QTPageView */ = {
			isa = PBXGroup;
			children = (
				692087371E782DA80040DDF8 /* QTPageView.h */,
				692087381E782DA80040DDF8 /* QTPageView.m */,
			);
			path = QTPageView;
			sourceTree = SOURCE_ROOT;
		};
		692087431E7912620040DDF8 /* Source */ = {
			isa = PBXGroup;
			children = (
				692087441E7912620040DDF8 /* timg1.jpeg */,
				692087451E7912620040DDF8 /* timg2.jpeg */,
				692087461E7912620040DDF8 /* timg3.jpeg */,
				692087471E7912620040DDF8 /* timg4.jpeg */,
			);
			path = Source;
			sourceTree = "<group>";
		};
/* End PBXGroup section */

/* Begin PBXNativeTarget section */
		6920871A1E782BEB0040DDF8 /* QTPageViewDemo */ = {
			isa = PBXNativeTarget;
			buildConfigurationList = 692087321E782BEB0040DDF8 /* Build configuration list for PBXNativeTarget "QTPageViewDemo" */;
			buildPhases = (
				692087171E782BEB0040DDF8 /* Sources */,
				692087181E782BEB0040DDF8 /* Frameworks */,
				692087191E782BEB0040DDF8 /* Resources */,
			);
			buildRules = (
			);
			dependencies = (
			);
			name = QTPageViewDemo;
			productName = QTPageViewDemo;
			productReference = 6920871B1E782BEB0040DDF8 /* QTPageViewDemo.app */;
			productType = "com.apple.product-type.application";
		};
/* End PBXNativeTarget section */

/* Begin PBXProject section */
		692087131E782BEB0040DDF8 /* Project object */ = {
			isa = PBXProject;
			attributes = {
				LastUpgradeCheck = 0820;
				ORGANIZATIONNAME = subo;
				TargetAttributes = {
					6920871A1E782BEB0040DDF8 = {
						CreatedOnToolsVersion = 8.2.1;
						DevelopmentTeam = CCX53HT454;
						ProvisioningStyle = Automatic;
					};
				};
			};
			buildConfigurationList = 692087161E782BEB0040DDF8 /* Build configuration list for PBXProject "QTPageViewDemo" */;
			compatibilityVersion = "Xcode 3.2";
			developmentRegion = English;
			hasScannedForEncodings = 0;
			knownRegions = (
				en,
				Base,
			);
			mainGroup = 692087121E782BEB0040DDF8;
			productRefGroup = 6920871C1E782BEB0040DDF8 /* Products */;
			projectDirPath = "";
			projectRoot = "";
			targets = (
				6920871A1E782BEB0040DDF8 /* QTPageViewDemo */,
			);
		};
/* End PBXProject section */

/* Begin PBXResourcesBuildPhase section */
		692087191E782BEB0040DDF8 /* Resources */ = {
			isa = PBXResourcesBuildPhase;
			buildActionMask = 2147483647;
			files = (
				692087481E7912620040DDF8 /* timg1.jpeg in Resources */,
				6920872E1E782BEB0040DDF8 /* LaunchScreen.storyboard in Resources */,
				6920874B1E7912620040DDF8 /* timg4.jpeg in Resources */,
				6920874A1E7912620040DDF8 /* timg3.jpeg in Resources */,
				6920872B1E782BEB0040DDF8 /* Assets.xcassets in Resources */,
				690ED9441E8AA04300F774B2 /* 轮播.gif in Resources */,
				692087491E7912620040DDF8 /* timg2.jpeg in Resources */,
				692087291E782BEB0040DDF8 /* Main.storyboard in Resources */,
			);
			runOnlyForDeploymentPostprocessing = 0;
		};
/* End PBXResourcesBuildPhase section */

/* Begin PBXSourcesBuildPhase section */
		692087171E782BEB0040DDF8 /* Sources */ = {
			isa = PBXSourcesBuildPhase;
			buildActionMask = 2147483647;
			files = (
				692087391E782DA80040DDF8 /* QTPageView.m in Sources */,
				692087261E782BEB0040DDF8 /* ViewController.m in Sources */,
				692087231E782BEB0040DDF8 /* AppDelegate.m in Sources */,
				692087201E782BEB0040DDF8 /* main.m in Sources */,
			);
			runOnlyForDeploymentPostprocessing = 0;
		};
/* End PBXSourcesBuildPhase section */

/* Begin PBXVariantGroup section */
		692087271E782BEB0040DDF8 /* Main.storyboard */ = {
			isa = PBXVariantGroup;
			children = (
				692087281E782BEB0040DDF8 /* Base */,
			);
			name = Main.storyboard;
			sourceTree = "<group>";
		};
		6920872C1E782BEB0040DDF8 /* LaunchScreen.storyboard */ = {
			isa = PBXVariantGroup;
			children = (
				6920872D1E782BEB0040DDF8 /* Base */,
			);
			name = LaunchScreen.storyboard;
			sourceTree = "<group>";
		};
/* End PBXVariantGroup section */

/* Begin XCBuildConfiguration section */
		692087301E782BEB0040DDF8 /* Debug */ = {
			isa = XCBuildConfiguration;
			buildSettings = {
				ALWAYS_SEARCH_USER_PATHS = NO;
				CLANG_ANALYZER_NONNULL = YES;
				CLANG_CXX_LANGUAGE_STANDARD = "gnu++0x";
				CLANG_CXX_LIBRARY = "libc++";
				CLANG_ENABLE_MODULES = YES;
				CLANG_ENABLE_OBJC_ARC = YES;
				CLANG_WARN_BOOL_CONVERSION = YES;
				CLANG_WARN_CONSTANT_CONVERSION = YES;
				CLANG_WARN_DIRECT_OBJC_ISA_USAGE = YES_ERROR;
				CLANG_WARN_DOCUMENTATION_COMMENTS = YES;
				CLANG_WARN_EMPTY_BODY = YES;
				CLANG_WARN_ENUM_CONVERSION = YES;
				CLANG_WARN_INFINITE_RECURSION = YES;
				CLANG_WARN_INT_CONVERSION = YES;
				CLANG_WARN_OBJC_ROOT_CLASS = YES_ERROR;
				CLANG_WARN_SUSPICIOUS_MOVE = YES;
				CLANG_WARN_UNREACHABLE_CODE = YES;
				CLANG_WARN__DUPLICATE_METHOD_MATCH = YES;
				"CODE_SIGN_IDENTITY[sdk=iphoneos*]" = "iPhone Developer";
				COPY_PHASE_STRIP = NO;
				DEBUG_INFORMATION_FORMAT = dwarf;
				ENABLE_STRICT_OBJC_MSGSEND = YES;
				ENABLE_TESTABILITY = YES;
				GCC_C_LANGUAGE_STANDARD = gnu99;
				GCC_DYNAMIC_NO_PIC = NO;
				GCC_NO_COMMON_BLOCKS = YES;
				GCC_OPTIMIZATION_LEVEL = 0;
				GCC_PREPROCESSOR_DEFINITIONS = (
					"DEBUG=1",
					"$(inherited)",
				);
				GCC_WARN_64_TO_32_BIT_CONVERSION = YES;
				GCC_WARN_ABOUT_RETURN_TYPE = YES_ERROR;
				GCC_WARN_UNDECLARED_SELECTOR = YES;
				GCC_WARN_UNINITIALIZED_AUTOS = YES_AGGRESSIVE;
				GCC_WARN_UNUSED_FUNCTION = YES;
				GCC_WARN_UNUSED_VARIABLE = YES;
				IPHONEOS_DEPLOYMENT_TARGET = 10.2;
				MTL_ENABLE_DEBUG_INFO = YES;
				ONLY_ACTIVE_ARCH = YES;
				SDKROOT = iphoneos;
			};
			name = Debug;
		};
		692087311E782BEB0040DDF8 /* Release */ = {
			isa = XCBuildConfiguration;
			buildSettings = {
				ALWAYS_SEARCH_USER_PATHS = NO;
				CLANG_ANALYZER_NONNULL = YES;
				CLANG_CXX_LANGUAGE_STANDARD = "gnu++0x";
				CLANG_CXX_LIBRARY = "libc++";
				CLANG_ENABLE_MODULES = YES;
				CLANG_ENABLE_OBJC_ARC = YES;
				CLANG_WARN_BOOL_CONVERSION = YES;
				CLANG_WARN_CONSTANT_CONVERSION = YES;
				CLANG_WARN_DIRECT_OBJC_ISA_USAGE = YES_ERROR;
				CLANG_WARN_DOCUMENTATION_COMMENTS = YES;
				CLANG_WARN_EMPTY_BODY = YES;
				CLANG_WARN_ENUM_CONVERSION = YES;
				CLANG_WARN_INFINITE_RECURSION = YES;
				CLANG_WARN_INT_CONVERSION = YES;
				CLANG_WARN_OBJC_ROOT_CLASS = YES_ERROR;
				CLANG_WARN_SUSPICIOUS_MOVE = YES;
				CLANG_WARN_UNREACHABLE_CODE = YES;
				CLANG_WARN__DUPLICATE_METHOD_MATCH = YES;
				"CODE_SIGN_IDENTITY[sdk=iphoneos*]" = "iPhone Developer";
				COPY_PHASE_STRIP = NO;
				DEBUG_INFORMATION_FORMAT = "dwarf-with-dsym";
				ENABLE_NS_ASSERTIONS = NO;
				ENABLE_STRICT_OBJC_MSGSEND = YES;
				GCC_C_LANGUAGE_STANDARD = gnu99;
				GCC_NO_COMMON_BLOCKS = YES;
				GCC_WARN_64_TO_32_BIT_CONVERSION = YES;
				GCC_WARN_ABOUT_RETURN_TYPE = YES_ERROR;
				GCC_WARN_UNDECLARED_SELECTOR = YES;
				GCC_WARN_UNINITIALIZED_AUTOS = YES_AGGRESSIVE;
				GCC_WARN_UNUSED_FUNCTION = YES;
				GCC_WARN_UNUSED_VARIABLE = YES;
				IPHONEOS_DEPLOYMENT_TARGET = 10.2;
				MTL_ENABLE_DEBUG_INFO = NO;
				SDKROOT = iphoneos;
				VALIDATE_PRODUCT = YES;
			};
			name = Release;
		};
		692087331E782BEB0040DDF8 /* Debug */ = {
			isa = XCBuildConfiguration;
			buildSettings = {
				ASSETCATALOG_COMPILER_APPICON_NAME = AppIcon;
				DEVELOPMENT_TEAM = CCX53HT454;
				INFOPLIST_FILE = QTPageViewDemo/Info.plist;
				LD_RUNPATH_SEARCH_PATHS = "$(inherited) @executable_path/Frameworks";
				PRODUCT_BUNDLE_IDENTIFIER = com.subo.cn.QTPageViewDemo;
				PRODUCT_NAME = "$(TARGET_NAME)";
			};
			name = Debug;
		};
		692087341E782BEB0040DDF8 /* Release */ = {
			isa = XCBuildConfiguration;
			buildSettings = {
				ASSETCATALOG_COMPILER_APPICON_NAME = AppIcon;
				DEVELOPMENT_TEAM = CCX53HT454;
				INFOPLIST_FILE = QTPageViewDemo/Info.plist;
				LD_RUNPATH_SEARCH_PATHS = "$(inherited) @executable_path/Frameworks";
				PRODUCT_BUNDLE_IDENTIFIER = com.subo.cn.QTPageViewDemo;
				PRODUCT_NAME = "$(TARGET_NAME)";
			};
			name = Release;
		};
/* End XCBuildConfiguration section */

/* Begin XCConfigurationList section */
		692087161E782BEB0040DDF8 /* Build configuration list for PBXProject "QTPageViewDemo" */ = {
			isa = XCConfigurationList;
			buildConfigurations = (
				692087301E782BEB0040DDF8 /* Debug */,
				692087311E782BEB0040DDF8 /* Release */,
			);
			defaultConfigurationIsVisible = 0;
			defaultConfigurationName = Release;
		};
		692087321E782BEB0040DDF8 /* Build configuration list for PBXNativeTarget "QTPageViewDemo" */ = {
			isa = XCConfigurationList;
			buildConfigurations = (
				692087331E782BEB0040DDF8 /* Debug */,
				692087341E782BEB0040DDF8 /* Release */,
			);
			defaultConfigurationIsVisible = 0;
			defaultConfigurationName = Release;
		};
/* End XCConfigurationList section */
	};
	rootObject = 692087131E782BEB0040DDF8 /* Project object */;
}
